
Microsoft Visual Studio Solution File, Format Version 12.00
# Visual Studio Version 17
VisualStudioVersion = 17.0.31903.59
MinimumVisualStudioVersion = 10.0.40219.1
Project("{FAE04EC0-301F-11D3-BF4B-00C04F79EFBC}") = "Gdzie.Kupic.Auth", "Gdzie.Kupic.Auth\Gdzie.Kupic.Auth.csproj", "{749A3EE5-A71F-4D73-9201-C06E9F120AC3}"
EndProject
Project("{FAE04EC0-301F-11D3-BF4B-00C04F79EFBC}") = "Gdzie.Kupic.Chat", "Gdzie.Kupic.Chat\Gdzie.Kupic.Chat.csproj", "{3490448F-6480-4B03-8D91-8A1EB125549C}"
EndProject
Project("{FAE04EC0-301F-11D3-BF4B-00C04F79EFBC}") = "Gdzie.Kupic.Hangfire", "Gdzie.Kupic.Hangfire\Gdzie.Kupic.Hangfire.csproj", "{BCE48A0B-4593-4802-967C-83792C942D11}"
EndProject
Project("{FAE04EC0-301F-11D3-BF4B-00C04F79EFBC}") = "Gdzie.Kupic.Location", "Gdzie.Kupic.Location\Gdzie.Kupic.Location.csproj", "{489ACFB6-3252-473D-9BE7-B9E80B6B58C6}"
EndProject
Project("{FAE04EC0-301F-11D3-BF4B-00C04F79EFBC}") = "Gdzie.Kupic.Marketplace", "Gdzie.Kupic.Marketplace\Gdzie.Kupic.Marketplace.csproj", "{0414C1FB-2B54-4FA5-9D69-2E4BA8CECD5D}"
EndProject
Project("{FAE04EC0-301F-11D3-BF4B-00C04F79EFBC}") = "Gdzie.Kupic.Notifications", "Gdzie.Kupic.Notifications\Gdzie.Kupic.Notifications.csproj", "{EC7F96B4-520F-4506-B849-BA404A8D5AF4}"
EndProject
Project("{FAE04EC0-301F-11D3-BF4B-00C04F79EFBC}") = "Gdzie.Kupic.Realtime", "Gdzie.Kupic.Realtime\Gdzie.Kupic.Realtime.csproj", "{283641E3-DF79-4806-9F43-473548C7F3A0}"
EndProject
Project("{FAE04EC0-301F-11D3-BF4B-00C04F79EFBC}") = "Gdzie.Kupic.Storage", "Gdzie.Kupic.Storage\Gdzie.Kupic.Storage.csproj", "{219686A1-4BE5-4640-A358-CCA7C726F695}"
EndProject
Project("{2150E333-8FDC-42A3-9474-1A3956D46DE8}") = "Tests", "Tests", "{105D485A-0603-4148-AC02-2907A149FCED}"
EndProject
Project("{FAE04EC0-301F-11D3-BF4B-00C04F79EFBC}") = "Gdzie.Kupic.Tests.Unit", "Gdzie.Kupic.Tests.Unit\Gdzie.Kupic.Tests.Unit.csproj", "{99946390-44C0-4815-A647-6FE2FCC76090}"
EndProject
Project("{FAE04EC0-301F-11D3-BF4B-00C04F79EFBC}") = "Gdzie.Kupic.Tests.Integration", "Gdzie.Kupic.Tests.Integration\Gdzie.Kupic.Tests.Integration.csproj", "{BEB4E21C-5C25-4A75-852F-1E72A1866AD1}"
EndProject
Project("{FAE04EC0-301F-11D3-BF4B-00C04F79EFBC}") = "Gdzie.Kupic.Tests.System", "Gdzie.Kupic.Tests.System\Gdzie.Kupic.Tests.System.csproj", "{83A68982-D4BD-48EB-8B62-7D1FF9C4EB91}"
EndProject
Project("{FAE04EC0-301F-11D3-BF4B-00C04F79EFBC}") = "Gdzie.Kupic.API", "Gdzie.Kupic.API\Gdzie.Kupic.API.csproj", "{AB801DF6-A29D-4C17-B03A-BFB682702117}"
EndProject
Project("{FAE04EC0-301F-11D3-BF4B-00C04F79EFBC}") = "Gdzie.Kupic.API.Contract", "Gdzie.Kupic.API.Contract\Gdzie.Kupic.API.Contract.csproj", "{499C13C8-22A6-4041-8E94-90C13960AB00}"
EndProject
Global
	GlobalSection(SolutionConfigurationPlatforms) = preSolution
		Debug|Any CPU = Debug|Any CPU
		Debug|x64 = Debug|x64
		Debug|x86 = Debug|x86
		Release|Any CPU = Release|Any CPU
		Release|x64 = Release|x64
		Release|x86 = Release|x86
	EndGlobalSection
	GlobalSection(ProjectConfigurationPlatforms) = postSolution
		{749A3EE5-A71F-4D73-9201-C06E9F120AC3}.Debug|Any CPU.ActiveCfg = Debug|Any CPU
		{749A3EE5-A71F-4D73-9201-C06E9F120AC3}.Debug|Any CPU.Build.0 = Debug|Any CPU
		{749A3EE5-A71F-4D73-9201-C06E9F120AC3}.Debug|x64.ActiveCfg = Debug|Any CPU
		{749A3EE5-A71F-4D73-9201-C06E9F120AC3}.Debug|x64.Build.0 = Debug|Any CPU
		{749A3EE5-A71F-4D73-9201-C06E9F120AC3}.Debug|x86.ActiveCfg = Debug|Any CPU
		{749A3EE5-A71F-4D73-9201-C06E9F120AC3}.Debug|x86.Build.0 = Debug|Any CPU
		{749A3EE5-A71F-4D73-9201-C06E9F120AC3}.Release|Any CPU.ActiveCfg = Release|Any CPU
		{749A3EE5-A71F-4D73-9201-C06E9F120AC3}.Release|Any CPU.Build.0 = Release|Any CPU
		{749A3EE5-A71F-4D73-9201-C06E9F120AC3}.Release|x64.ActiveCfg = Release|Any CPU
		{749A3EE5-A71F-4D73-9201-C06E9F120AC3}.Release|x64.Build.0 = Release|Any CPU
		{749A3EE5-A71F-4D73-9201-C06E9F120AC3}.Release|x86.ActiveCfg = Release|Any CPU
		{749A3EE5-A71F-4D73-9201-C06E9F120AC3}.Release|x86.Build.0 = Release|Any CPU
		{3490448F-6480-4B03-8D91-8A1EB125549C}.Debug|Any CPU.ActiveCfg = Debug|Any CPU
		{3490448F-6480-4B03-8D91-8A1EB125549C}.Debug|Any CPU.Build.0 = Debug|Any CPU
		{3490448F-6480-4B03-8D91-8A1EB125549C}.Debug|x64.ActiveCfg = Debug|Any CPU
		{3490448F-6480-4B03-8D91-8A1EB125549C}.Debug|x64.Build.0 = Debug|Any CPU
		{3490448F-6480-4B03-8D91-8A1EB125549C}.Debug|x86.ActiveCfg = Debug|Any CPU
		{3490448F-6480-4B03-8D91-8A1EB125549C}.Debug|x86.Build.0 = Debug|Any CPU
		{3490448F-6480-4B03-8D91-8A1EB125549C}.Release|Any CPU.ActiveCfg = Release|Any CPU
		{3490448F-6480-4B03-8D91-8A1EB125549C}.Release|Any CPU.Build.0 = Release|Any CPU
		{3490448F-6480-4B03-8D91-8A1EB125549C}.Release|x64.ActiveCfg = Release|Any CPU
		{3490448F-6480-4B03-8D91-8A1EB125549C}.Release|x64.Build.0 = Release|Any CPU
		{3490448F-6480-4B03-8D91-8A1EB125549C}.Release|x86.ActiveCfg = Release|Any CPU
		{3490448F-6480-4B03-8D91-8A1EB125549C}.Release|x86.Build.0 = Release|Any CPU
		{BCE48A0B-4593-4802-967C-83792C942D11}.Debug|Any CPU.ActiveCfg = Debug|Any CPU
		{BCE48A0B-4593-4802-967C-83792C942D11}.Debug|Any CPU.Build.0 = Debug|Any CPU
		{BCE48A0B-4593-4802-967C-83792C942D11}.Debug|x64.ActiveCfg = Debug|Any CPU
		{BCE48A0B-4593-4802-967C-83792C942D11}.Debug|x64.Build.0 = Debug|Any CPU
		{BCE48A0B-4593-4802-967C-83792C942D11}.Debug|x86.ActiveCfg = Debug|Any CPU
		{BCE48A0B-4593-4802-967C-83792C942D11}.Debug|x86.Build.0 = Debug|Any CPU
		{BCE48A0B-4593-4802-967C-83792C942D11}.Release|Any CPU.ActiveCfg = Release|Any CPU
		{BCE48A0B-4593-4802-967C-83792C942D11}.Release|Any CPU.Build.0 = Release|Any CPU
		{BCE48A0B-4593-4802-967C-83792C942D11}.Release|x64.ActiveCfg = Release|Any CPU
		{BCE48A0B-4593-4802-967C-83792C942D11}.Release|x64.Build.0 = Release|Any CPU
		{BCE48A0B-4593-4802-967C-83792C942D11}.Release|x86.ActiveCfg = Release|Any CPU
		{BCE48A0B-4593-4802-967C-83792C942D11}.Release|x86.Build.0 = Release|Any CPU
		{489ACFB6-3252-473D-9BE7-B9E80B6B58C6}.Debug|Any CPU.ActiveCfg = Debug|Any CPU
		{489ACFB6-3252-473D-9BE7-B9E80B6B58C6}.Debug|Any CPU.Build.0 = Debug|Any CPU
		{489ACFB6-3252-473D-9BE7-B9E80B6B58C6}.Debug|x64.ActiveCfg = Debug|Any CPU
		{489ACFB6-3252-473D-9BE7-B9E80B6B58C6}.Debug|x64.Build.0 = Debug|Any CPU
		{489ACFB6-3252-473D-9BE7-B9E80B6B58C6}.Debug|x86.ActiveCfg = Debug|Any CPU
		{489ACFB6-3252-473D-9BE7-B9E80B6B58C6}.Debug|x86.Build.0 = Debug|Any CPU
		{489ACFB6-3252-473D-9BE7-B9E80B6B58C6}.Release|Any CPU.ActiveCfg = Release|Any CPU
		{489ACFB6-3252-473D-9BE7-B9E80B6B58C6}.Release|Any CPU.Build.0 = Release|Any CPU
		{489ACFB6-3252-473D-9BE7-B9E80B6B58C6}.Release|x64.ActiveCfg = Release|Any CPU
		{489ACFB6-3252-473D-9BE7-B9E80B6B58C6}.Release|x64.Build.0 = Release|Any CPU
		{489ACFB6-3252-473D-9BE7-B9E80B6B58C6}.Release|x86.ActiveCfg = Release|Any CPU
		{489ACFB6-3252-473D-9BE7-B9E80B6B58C6}.Release|x86.Build.0 = Release|Any CPU
		{0414C1FB-2B54-4FA5-9D69-2E4BA8CECD5D}.Debug|Any CPU.ActiveCfg = Debug|Any CPU
		{0414C1FB-2B54-4FA5-9D69-2E4BA8CECD5D}.Debug|Any CPU.Build.0 = Debug|Any CPU
		{0414C1FB-2B54-4FA5-9D69-2E4BA8CECD5D}.Debug|x64.ActiveCfg = Debug|Any CPU
		{0414C1FB-2B54-4FA5-9D69-2E4BA8CECD5D}.Debug|x64.Build.0 = Debug|Any CPU
		{0414C1FB-2B54-4FA5-9D69-2E4BA8CECD5D}.Debug|x86.ActiveCfg = Debug|Any CPU
		{0414C1FB-2B54-4FA5-9D69-2E4BA8CECD5D}.Debug|x86.Build.0 = Debug|Any CPU
		{0414C1FB-2B54-4FA5-9D69-2E4BA8CECD5D}.Release|Any CPU.ActiveCfg = Release|Any CPU
		{0414C1FB-2B54-4FA5-9D69-2E4BA8CECD5D}.Release|Any CPU.Build.0 = Release|Any CPU
		{0414C1FB-2B54-4FA5-9D69-2E4BA8CECD5D}.Release|x64.ActiveCfg = Release|Any CPU
		{0414C1FB-2B54-4FA5-9D69-2E4BA8CECD5D}.Release|x64.Build.0 = Release|Any CPU
		{0414C1FB-2B54-4FA5-9D69-2E4BA8CECD5D}.Release|x86.ActiveCfg = Release|Any CPU
		{0414C1FB-2B54-4FA5-9D69-2E4BA8CECD5D}.Release|x86.Build.0 = Release|Any CPU
		{EC7F96B4-520F-4506-B849-BA404A8D5AF4}.Debug|Any CPU.ActiveCfg = Debug|Any CPU
		{EC7F96B4-520F-4506-B849-BA404A8D5AF4}.Debug|Any CPU.Build.0 = Debug|Any CPU
		{EC7F96B4-520F-4506-B849-BA404A8D5AF4}.Debug|x64.ActiveCfg = Debug|Any CPU
		{EC7F96B4-520F-4506-B849-BA404A8D5AF4}.Debug|x64.Build.0 = Debug|Any CPU
		{EC7F96B4-520F-4506-B849-BA404A8D5AF4}.Debug|x86.ActiveCfg = Debug|Any CPU
		{EC7F96B4-520F-4506-B849-BA404A8D5AF4}.Debug|x86.Build.0 = Debug|Any CPU
		{EC7F96B4-520F-4506-B849-BA404A8D5AF4}.Release|Any CPU.ActiveCfg = Release|Any CPU
		{EC7F96B4-520F-4506-B849-BA404A8D5AF4}.Release|Any CPU.Build.0 = Release|Any CPU
		{EC7F96B4-520F-4506-B849-BA404A8D5AF4}.Release|x64.ActiveCfg = Release|Any CPU
		{EC7F96B4-520F-4506-B849-BA404A8D5AF4}.Release|x64.Build.0 = Release|Any CPU
		{EC7F96B4-520F-4506-B849-BA404A8D5AF4}.Release|x86.ActiveCfg = Release|Any CPU
		{EC7F96B4-520F-4506-B849-BA404A8D5AF4}.Release|x86.Build.0 = Release|Any CPU
		{283641E3-DF79-4806-9F43-473548C7F3A0}.Debug|Any CPU.ActiveCfg = Debug|Any CPU
		{283641E3-DF79-4806-9F43-473548C7F3A0}.Debug|Any CPU.Build.0 = Debug|Any CPU
		{283641E3-DF79-4806-9F43-473548C7F3A0}.Debug|x64.ActiveCfg = Debug|Any CPU
		{283641E3-DF79-4806-9F43-473548C7F3A0}.Debug|x64.Build.0 = Debug|Any CPU
		{283641E3-DF79-4806-9F43-473548C7F3A0}.Debug|x86.ActiveCfg = Debug|Any CPU
		{283641E3-DF79-4806-9F43-473548C7F3A0}.Debug|x86.Build.0 = Debug|Any CPU
		{283641E3-DF79-4806-9F43-473548C7F3A0}.Release|Any CPU.ActiveCfg = Release|Any CPU
		{283641E3-DF79-4806-9F43-473548C7F3A0}.Release|Any CPU.Build.0 = Release|Any CPU
		{283641E3-DF79-4806-9F43-473548C7F3A0}.Release|x64.ActiveCfg = Release|Any CPU
		{283641E3-DF79-4806-9F43-473548C7F3A0}.Release|x64.Build.0 = Release|Any CPU
		{283641E3-DF79-4806-9F43-473548C7F3A0}.Release|x86.ActiveCfg = Release|Any CPU
		{283641E3-DF79-4806-9F43-473548C7F3A0}.Release|x86.Build.0 = Release|Any CPU
		{219686A1-4BE5-4640-A358-CCA7C726F695}.Debug|Any CPU.ActiveCfg = Debug|Any CPU
		{219686A1-4BE5-4640-A358-CCA7C726F695}.Debug|Any CPU.Build.0 = Debug|Any CPU
		{219686A1-4BE5-4640-A358-CCA7C726F695}.Debug|x64.ActiveCfg = Debug|Any CPU
		{219686A1-4BE5-4640-A358-CCA7C726F695}.Debug|x64.Build.0 = Debug|Any CPU
		{219686A1-4BE5-4640-A358-CCA7C726F695}.Debug|x86.ActiveCfg = Debug|Any CPU
		{219686A1-4BE5-4640-A358-CCA7C726F695}.Debug|x86.Build.0 = Debug|Any CPU
		{219686A1-4BE5-4640-A358-CCA7C726F695}.Release|Any CPU.ActiveCfg = Release|Any CPU
		{219686A1-4BE5-4640-A358-CCA7C726F695}.Release|Any CPU.Build.0 = Release|Any CPU
		{219686A1-4BE5-4640-A358-CCA7C726F695}.Release|x64.ActiveCfg = Release|Any CPU
		{219686A1-4BE5-4640-A358-CCA7C726F695}.Release|x64.Build.0 = Release|Any CPU
		{219686A1-4BE5-4640-A358-CCA7C726F695}.Release|x86.ActiveCfg = Release|Any CPU
		{219686A1-4BE5-4640-A358-CCA7C726F695}.Release|x86.Build.0 = Release|Any CPU
		{99946390-44C0-4815-A647-6FE2FCC76090}.Debug|Any CPU.ActiveCfg = Debug|Any CPU
		{99946390-44C0-4815-A647-6FE2FCC76090}.Debug|Any CPU.Build.0 = Debug|Any CPU
		{99946390-44C0-4815-A647-6FE2FCC76090}.Debug|x64.ActiveCfg = Debug|Any CPU
		{99946390-44C0-4815-A647-6FE2FCC76090}.Debug|x64.Build.0 = Debug|Any CPU
		{99946390-44C0-4815-A647-6FE2FCC76090}.Debug|x86.ActiveCfg = Debug|Any CPU
		{99946390-44C0-4815-A647-6FE2FCC76090}.Debug|x86.Build.0 = Debug|Any CPU
		{99946390-44C0-4815-A647-6FE2FCC76090}.Release|Any CPU.ActiveCfg = Release|Any CPU
		{99946390-44C0-4815-A647-6FE2FCC76090}.Release|Any CPU.Build.0 = Release|Any CPU
		{99946390-44C0-4815-A647-6FE2FCC76090}.Release|x64.ActiveCfg = Release|Any CPU
		{99946390-44C0-4815-A647-6FE2FCC76090}.Release|x64.Build.0 = Release|Any CPU
		{99946390-44C0-4815-A647-6FE2FCC76090}.Release|x86.ActiveCfg = Release|Any CPU
		{99946390-44C0-4815-A647-6FE2FCC76090}.Release|x86.Build.0 = Release|Any CPU
		{BEB4E21C-5C25-4A75-852F-1E72A1866AD1}.Debug|Any CPU.ActiveCfg = Debug|Any CPU
		{BEB4E21C-5C25-4A75-852F-1E72A1866AD1}.Debug|Any CPU.Build.0 = Debug|Any CPU
		{BEB4E21C-5C25-4A75-852F-1E72A1866AD1}.Debug|x64.ActiveCfg = Debug|Any CPU
		{BEB4E21C-5C25-4A75-852F-1E72A1866AD1}.Debug|x64.Build.0 = Debug|Any CPU
		{BEB4E21C-5C25-4A75-852F-1E72A1866AD1}.Debug|x86.ActiveCfg = Debug|Any CPU
		{BEB4E21C-5C25-4A75-852F-1E72A1866AD1}.Debug|x86.Build.0 = Debug|Any CPU
		{BEB4E21C-5C25-4A75-852F-1E72A1866AD1}.Release|Any CPU.ActiveCfg = Release|Any CPU
		{BEB4E21C-5C25-4A75-852F-1E72A1866AD1}.Release|Any CPU.Build.0 = Release|Any CPU
		{BEB4E21C-5C25-4A75-852F-1E72A1866AD1}.Release|x64.ActiveCfg = Release|Any CPU
		{BEB4E21C-5C25-4A75-852F-1E72A1866AD1}.Release|x64.Build.0 = Release|Any CPU
		{BEB4E21C-5C25-4A75-852F-1E72A1866AD1}.Release|x86.ActiveCfg = Release|Any CPU
		{BEB4E21C-5C25-4A75-852F-1E72A1866AD1}.Release|x86.Build.0 = Release|Any CPU
		{83A68982-D4BD-48EB-8B62-7D1FF9C4EB91}.Debug|Any CPU.ActiveCfg = Debug|Any CPU
		{83A68982-D4BD-48EB-8B62-7D1FF9C4EB91}.Debug|Any CPU.Build.0 = Debug|Any CPU
		{83A68982-D4BD-48EB-8B62-7D1FF9C4EB91}.Debug|x64.ActiveCfg = Debug|Any CPU
		{83A68982-D4BD-48EB-8B62-7D1FF9C4EB91}.Debug|x64.Build.0 = Debug|Any CPU
		{83A68982-D4BD-48EB-8B62-7D1FF9C4EB91}.Debug|x86.ActiveCfg = Debug|Any CPU
		{83A68982-D4BD-48EB-8B62-7D1FF9C4EB91}.Debug|x86.Build.0 = Debug|Any CPU
		{83A68982-D4BD-48EB-8B62-7D1FF9C4EB91}.Release|Any CPU.ActiveCfg = Release|Any CPU
		{83A68982-D4BD-48EB-8B62-7D1FF9C4EB91}.Release|Any CPU.Build.0 = Release|Any CPU
		{83A68982-D4BD-48EB-8B62-7D1FF9C4EB91}.Release|x64.ActiveCfg = Release|Any CPU
		{83A68982-D4BD-48EB-8B62-7D1FF9C4EB91}.Release|x64.Build.0 = Release|Any CPU
		{83A68982-D4BD-48EB-8B62-7D1FF9C4EB91}.Release|x86.ActiveCfg = Release|Any CPU
		{83A68982-D4BD-48EB-8B62-7D1FF9C4EB91}.Release|x86.Build.0 = Release|Any CPU
		{AB801DF6-A29D-4C17-B03A-BFB682702117}.Debug|Any CPU.ActiveCfg = Debug|Any CPU
		{AB801DF6-A29D-4C17-B03A-BFB682702117}.Debug|Any CPU.Build.0 = Debug|Any CPU
		{AB801DF6-A29D-4C17-B03A-BFB682702117}.Debug|x64.ActiveCfg = Debug|Any CPU
		{AB801DF6-A29D-4C17-B03A-BFB682702117}.Debug|x64.Build.0 = Debug|Any CPU
		{AB801DF6-A29D-4C17-B03A-BFB682702117}.Debug|x86.ActiveCfg = Debug|Any CPU
		{AB801DF6-A29D-4C17-B03A-BFB682702117}.Debug|x86.Build.0 = Debug|Any CPU
		{AB801DF6-A29D-4C17-B03A-BFB682702117}.Release|Any CPU.ActiveCfg = Release|Any CPU
		{AB801DF6-A29D-4C17-B03A-BFB682702117}.Release|Any CPU.Build.0 = Release|Any CPU
		{AB801DF6-A29D-4C17-B03A-BFB682702117}.Release|x64.ActiveCfg = Release|Any CPU
		{AB801DF6-A29D-4C17-B03A-BFB682702117}.Release|x64.Build.0 = Release|Any CPU
		{AB801DF6-A29D-4C17-B03A-BFB682702117}.Release|x86.ActiveCfg = Release|Any CPU
		{AB801DF6-A29D-4C17-B03A-BFB682702117}.Release|x86.Build.0 = Release|Any CPU
		{499C13C8-22A6-4041-8E94-90C13960AB00}.Debug|Any CPU.ActiveCfg = Debug|Any CPU
		{499C13C8-22A6-4041-8E94-90C13960AB00}.Debug|Any CPU.Build.0 = Debug|Any CPU
		{499C13C8-22A6-4041-8E94-90C13960AB00}.Debug|x64.ActiveCfg = Debug|Any CPU
		{499C13C8-22A6-4041-8E94-90C13960AB00}.Debug|x64.Build.0 = Debug|Any CPU
		{499C13C8-22A6-4041-8E94-90C13960AB00}.Debug|x86.ActiveCfg = Debug|Any CPU
		{499C13C8-22A6-4041-8E94-90C13960AB00}.Debug|x86.Build.0 = Debug|Any CPU
		{499C13C8-22A6-4041-8E94-90C13960AB00}.Release|Any CPU.ActiveCfg = Release|Any CPU
		{499C13C8-22A6-4041-8E94-90C13960AB00}.Release|Any CPU.Build.0 = Release|Any CPU
		{499C13C8-22A6-4041-8E94-90C13960AB00}.Release|x64.ActiveCfg = Release|Any CPU
		{499C13C8-22A6-4041-8E94-90C13960AB00}.Release|x64.Build.0 = Release|Any CPU
		{499C13C8-22A6-4041-8E94-90C13960AB00}.Release|x86.ActiveCfg = Release|Any CPU
		{499C13C8-22A6-4041-8E94-90C13960AB00}.Release|x86.Build.0 = Release|Any CPU
	EndGlobalSection
	GlobalSection(SolutionProperties) = preSolution
		HideSolutionNode = FALSE
	EndGlobalSection
	GlobalSection(NestedProjects) = preSolution
		{99946390-44C0-4815-A647-6FE2FCC76090} = {105D485A-0603-4148-AC02-2907A149FCED}
		{BEB4E21C-5C25-4A75-852F-1E72A1866AD1} = {105D485A-0603-4148-AC02-2907A149FCED}
		{83A68982-D4BD-48EB-8B62-7D1FF9C4EB91} = {105D485A-0603-4148-AC02-2907A149FCED}
	EndGlobalSection
EndGlobal
